
Microsoft Visual Studio Solution File, Format Version 12.00
# Visual Studio 15
VisualStudioVersion = 15.0.28010.2016
MinimumVisualStudioVersion = 10.0.40219.1
Project("{FAE04EC0-301F-11D3-BF4B-00C04F79EFBC}") = "Cursos.Alura", "Cursos.Alura\Cursos.Alura.csproj", "{849E6E1F-AAD8-4D3D-A30C-47FCAC1F27E8}"
EndProject
Global
	GlobalSection(SolutionConfigurationPlatforms) = preSolution
		Debug|Any CPU = Debug|Any CPU
		Release|Any CPU = Release|Any CPU
	EndGlobalSection
	GlobalSection(ProjectConfigurationPlatforms) = postSolution
		{849E6E1F-AAD8-4D3D-A30C-47FCAC1F27E8}.Debug|Any CPU.ActiveCfg = Debug|Any CPU
		{849E6E1F-AAD8-4D3D-A30C-47FCAC1F27E8}.Debug|Any CPU.Build.0 = Debug|Any CPU
		{849E6E1F-AAD8-4D3D-A30C-47FCAC1F27E8}.Release|Any CPU.ActiveCfg = Release|Any CPU
		{849E6E1F-AAD8-4D3D-A30C-47FCAC1F27E8}.Release|Any CPU.Build.0 = Release|Any CPU
	EndGlobalSection
	GlobalSection(SolutionProperties) = preSolution
		HideSolutionNode = FALSE
	EndGlobalSection
	GlobalSection(ExtensibilityGlobals) = postSolution
		SolutionGuid = {B4A70365-30EE-4EC0-ADFF-6466EE8A7A22}
	EndGlobalSection
EndGlobal
